
Microsoft Visual Studio Solution File, Format Version 12.00
# Visual Studio Version 16
VisualStudioVersion = 16.0.30413.136
MinimumVisualStudioVersion = 10.0.40219.1
Project("{FAE04EC0-301F-11D3-BF4B-00C04F79EFBC}") = "LinkedIn Website", "LinkedIn Website\LinkedIn Website.csproj", "{19AEC146-CF09-49D4-A82E-B1D674A1A806}"
EndProject
Global
	GlobalSection(SolutionConfigurationPlatforms) = preSolution
		Debug|Any CPU = Debug|Any CPU
		Release|Any CPU = Release|Any CPU
	EndGlobalSection
	GlobalSection(ProjectConfigurationPlatforms) = postSolution
		{19AEC146-CF09-49D4-A82E-B1D674A1A806}.Debug|Any CPU.ActiveCfg = Debug|Any CPU
		{19AEC146-CF09-49D4-A82E-B1D674A1A806}.Debug|Any CPU.Build.0 = Debug|Any CPU
		{19AEC146-CF09-49D4-A82E-B1D674A1A806}.Release|Any CPU.ActiveCfg = Release|Any CPU
		{19AEC146-CF09-49D4-A82E-B1D674A1A806}.Release|Any CPU.Build.0 = Release|Any CPU
	EndGlobalSection
	GlobalSection(SolutionProperties) = preSolution
		HideSolutionNode = FALSE
	EndGlobalSection
	GlobalSection(ExtensibilityGlobals) = postSolution
		SolutionGuid = {96BEF178-61C1-43F7-9E82-C3E62AB405CC}
	EndGlobalSection
EndGlobal
